
Microsoft Visual Studio Solution File, Format Version 12.00
# Visual Studio 2012
Project("{FAE04EC0-301F-11D3-BF4B-00C04F79EFBC}") = "CodingProblems.Implementation", "CodingProblems.Implementation\CodingProblems.Implementation.csproj", "{BB91D11D-DFE2-41F0-B329-DB652E481043}"
EndProject
Project("{FAE04EC0-301F-11D3-BF4B-00C04F79EFBC}") = "CodingProblems.Tests", "CodingProblems.Tests\CodingProblems.Tests.csproj", "{86AA2564-407A-4B15-BFAA-8BFB239B2057}"
EndProject
Global
	GlobalSection(SolutionConfigurationPlatforms) = preSolution
		Debug|Any CPU = Debug|Any CPU
		Release|Any CPU = Release|Any CPU
	EndGlobalSection
	GlobalSection(ProjectConfigurationPlatforms) = postSolution
		{BB91D11D-DFE2-41F0-B329-DB652E481043}.Debug|Any CPU.ActiveCfg = Debug|Any CPU
		{BB91D11D-DFE2-41F0-B329-DB652E481043}.Debug|Any CPU.Build.0 = Debug|Any CPU
		{BB91D11D-DFE2-41F0-B329-DB652E481043}.Release|Any CPU.ActiveCfg = Release|Any CPU
		{BB91D11D-DFE2-41F0-B329-DB652E481043}.Release|Any CPU.Build.0 = Release|Any CPU
		{86AA2564-407A-4B15-BFAA-8BFB239B2057}.Debug|Any CPU.ActiveCfg = Debug|Any CPU
		{86AA2564-407A-4B15-BFAA-8BFB239B2057}.Debug|Any CPU.Build.0 = Debug|Any CPU
		{86AA2564-407A-4B15-BFAA-8BFB239B2057}.Release|Any CPU.ActiveCfg = Release|Any CPU
		{86AA2564-407A-4B15-BFAA-8BFB239B2057}.Release|Any CPU.Build.0 = Release|Any CPU
	EndGlobalSection
	GlobalSection(SolutionProperties) = preSolution
		HideSolutionNode = FALSE
	EndGlobalSection
EndGlobal
